
Microsoft Visual Studio Solution File, Format Version 12.00
# Visual Studio Version 16
VisualStudioVersion = 16.0.31424.327
MinimumVisualStudioVersion = 10.0.40219.1
Project("{FAE04EC0-301F-11D3-BF4B-00C04F79EFBC}") = "ReadADCP", "ReadADCP.csproj", "{A0E39BF9-8139-45E6-8EF3-A56FBE683D3F}"
EndProject
Global
	GlobalSection(SolutionConfigurationPlatforms) = preSolution
		Debug|Any CPU = Debug|Any CPU
		Release|Any CPU = Release|Any CPU
	EndGlobalSection
	GlobalSection(ProjectConfigurationPlatforms) = postSolution
		{A0E39BF9-8139-45E6-8EF3-A56FBE683D3F}.Debug|Any CPU.ActiveCfg = Debug|Any CPU
		{A0E39BF9-8139-45E6-8EF3-A56FBE683D3F}.Debug|Any CPU.Build.0 = Debug|Any CPU
		{A0E39BF9-8139-45E6-8EF3-A56FBE683D3F}.Release|Any CPU.ActiveCfg = Release|Any CPU
		{A0E39BF9-8139-45E6-8EF3-A56FBE683D3F}.Release|Any CPU.Build.0 = Release|Any CPU
	EndGlobalSection
	GlobalSection(SolutionProperties) = preSolution
		HideSolutionNode = FALSE
	EndGlobalSection
	GlobalSection(ExtensibilityGlobals) = postSolution
		SolutionGuid = {653FD647-F84E-495B-8867-E78B710713CC}
	EndGlobalSection
EndGlobal
